
Microsoft Visual Studio Solution File, Format Version 12.00
# Visual Studio Version 16
VisualStudioVersion = 16.0.29503.13
MinimumVisualStudioVersion = 10.0.40219.1
Project("{2150E333-8FDC-42A3-9474-1A3956D46DE8}") = "modules", "modules", "{D5ACBAF7-F9B5-4D42-B26E-4AC64D860D14}"
EndProject
Project("{2150E333-8FDC-42A3-9474-1A3956D46DE8}") = "samples", "samples", "{7A2657D1-F138-42FC-874A-B00474BBAED1}"
EndProject
Project("{2150E333-8FDC-42A3-9474-1A3956D46DE8}") = "tests", "tests", "{D054C3D8-570D-4C6F-ABFE-F32A606A4E06}"
EndProject
Project("{FAE04EC0-301F-11D3-BF4B-00C04F79EFBC}") = "Eshva.Hodgepodge.LearningRedis", "samples\Eshva.Hodgepodge.LearningRedis\Eshva.Hodgepodge.LearningRedis.csproj", "{335FC310-A991-45C2-A11F-80AC9B6E0A93}"
EndProject
Project("{FAE04EC0-301F-11D3-BF4B-00C04F79EFBC}") = "Eshva.Hodgepodge", "modules\Eshva.Hodgepodge\Eshva.Hodgepodge.csproj", "{87736D03-6E59-47BC-A7E3-7CD88C04B64F}"
EndProject
Project("{FAE04EC0-301F-11D3-BF4B-00C04F79EFBC}") = "Eshva.DockerCompose", "modules\Eshva.DockerCompose\Eshva.DockerCompose.csproj", "{2DC069A1-5EA5-4EFA-A4EF-8FCD53DD6717}"
EndProject
Project("{FAE04EC0-301F-11D3-BF4B-00C04F79EFBC}") = "Eshva.DockerCompose.Tests.Unit", "tests\Eshva.DockerCompose.Tests.Unit\Eshva.DockerCompose.Tests.Unit.csproj", "{A48E2F12-577C-4D35-8E7E-3C0C5C01C804}"
EndProject
Global
	GlobalSection(SolutionConfigurationPlatforms) = preSolution
		Debug|Any CPU = Debug|Any CPU
		Release|Any CPU = Release|Any CPU
	EndGlobalSection
	GlobalSection(ProjectConfigurationPlatforms) = postSolution
		{335FC310-A991-45C2-A11F-80AC9B6E0A93}.Debug|Any CPU.ActiveCfg = Debug|Any CPU
		{335FC310-A991-45C2-A11F-80AC9B6E0A93}.Debug|Any CPU.Build.0 = Debug|Any CPU
		{335FC310-A991-45C2-A11F-80AC9B6E0A93}.Release|Any CPU.ActiveCfg = Release|Any CPU
		{335FC310-A991-45C2-A11F-80AC9B6E0A93}.Release|Any CPU.Build.0 = Release|Any CPU
		{87736D03-6E59-47BC-A7E3-7CD88C04B64F}.Debug|Any CPU.ActiveCfg = Debug|Any CPU
		{87736D03-6E59-47BC-A7E3-7CD88C04B64F}.Debug|Any CPU.Build.0 = Debug|Any CPU
		{87736D03-6E59-47BC-A7E3-7CD88C04B64F}.Release|Any CPU.ActiveCfg = Release|Any CPU
		{87736D03-6E59-47BC-A7E3-7CD88C04B64F}.Release|Any CPU.Build.0 = Release|Any CPU
		{2DC069A1-5EA5-4EFA-A4EF-8FCD53DD6717}.Debug|Any CPU.ActiveCfg = Debug|Any CPU
		{2DC069A1-5EA5-4EFA-A4EF-8FCD53DD6717}.Debug|Any CPU.Build.0 = Debug|Any CPU
		{2DC069A1-5EA5-4EFA-A4EF-8FCD53DD6717}.Release|Any CPU.ActiveCfg = Release|Any CPU
		{2DC069A1-5EA5-4EFA-A4EF-8FCD53DD6717}.Release|Any CPU.Build.0 = Release|Any CPU
		{A48E2F12-577C-4D35-8E7E-3C0C5C01C804}.Debug|Any CPU.ActiveCfg = Debug|Any CPU
		{A48E2F12-577C-4D35-8E7E-3C0C5C01C804}.Debug|Any CPU.Build.0 = Debug|Any CPU
		{A48E2F12-577C-4D35-8E7E-3C0C5C01C804}.Release|Any CPU.ActiveCfg = Release|Any CPU
		{A48E2F12-577C-4D35-8E7E-3C0C5C01C804}.Release|Any CPU.Build.0 = Release|Any CPU
	EndGlobalSection
	GlobalSection(SolutionProperties) = preSolution
		HideSolutionNode = FALSE
	EndGlobalSection
	GlobalSection(NestedProjects) = preSolution
		{335FC310-A991-45C2-A11F-80AC9B6E0A93} = {7A2657D1-F138-42FC-874A-B00474BBAED1}
		{87736D03-6E59-47BC-A7E3-7CD88C04B64F} = {D5ACBAF7-F9B5-4D42-B26E-4AC64D860D14}
		{2DC069A1-5EA5-4EFA-A4EF-8FCD53DD6717} = {D5ACBAF7-F9B5-4D42-B26E-4AC64D860D14}
		{A48E2F12-577C-4D35-8E7E-3C0C5C01C804} = {D054C3D8-570D-4C6F-ABFE-F32A606A4E06}
	EndGlobalSection
	GlobalSection(ExtensibilityGlobals) = postSolution
		SolutionGuid = {32293400-5BB3-4912-9640-21B02E119DAC}
	EndGlobalSection
EndGlobal
